
Microsoft Visual Studio Solution File, Format Version 12.00
# Visual Studio Version 17
VisualStudioVersion = 17.5.33627.172
MinimumVisualStudioVersion = 10.0.40219.1
Project("{FAE04EC0-301F-11D3-BF4B-00C04F79EFBC}") = "proiect", "proiect\proiect.csproj", "{381AD270-B007-419D-810E-4C32C93A798D}"
EndProject
Global
	GlobalSection(SolutionConfigurationPlatforms) = preSolution
		Debug|Any CPU = Debug|Any CPU
		Release|Any CPU = Release|Any CPU
	EndGlobalSection
	GlobalSection(ProjectConfigurationPlatforms) = postSolution
		{381AD270-B007-419D-810E-4C32C93A798D}.Debug|Any CPU.ActiveCfg = Debug|Any CPU
		{381AD270-B007-419D-810E-4C32C93A798D}.Debug|Any CPU.Build.0 = Debug|Any CPU
		{381AD270-B007-419D-810E-4C32C93A798D}.Release|Any CPU.ActiveCfg = Release|Any CPU
		{381AD270-B007-419D-810E-4C32C93A798D}.Release|Any CPU.Build.0 = Release|Any CPU
	EndGlobalSection
	GlobalSection(SolutionProperties) = preSolution
		HideSolutionNode = FALSE
	EndGlobalSection
	GlobalSection(ExtensibilityGlobals) = postSolution
		SolutionGuid = {E58B3A18-41AE-4192-82B1-319852D70724}
	EndGlobalSection
EndGlobal
